
Microsoft Visual Studio Solution File, Format Version 12.00
# Visual Studio Version 17
VisualStudioVersion = 17.10.35013.160
MinimumVisualStudioVersion = 10.0.40219.1
Project("{FAE04EC0-301F-11D3-BF4B-00C04F79EFBC}") = "PracticeExcel", "PracticeExcel\PracticeExcel.csproj", "{9F892041-48C8-470F-8CDE-27FD00E1A5AF}"
EndProject
Global
	GlobalSection(SolutionConfigurationPlatforms) = preSolution
		Debug|Any CPU = Debug|Any CPU
		Release|Any CPU = Release|Any CPU
	EndGlobalSection
	GlobalSection(ProjectConfigurationPlatforms) = postSolution
		{9F892041-48C8-470F-8CDE-27FD00E1A5AF}.Debug|Any CPU.ActiveCfg = Debug|Any CPU
		{9F892041-48C8-470F-8CDE-27FD00E1A5AF}.Debug|Any CPU.Build.0 = Debug|Any CPU
		{9F892041-48C8-470F-8CDE-27FD00E1A5AF}.Release|Any CPU.ActiveCfg = Release|Any CPU
		{9F892041-48C8-470F-8CDE-27FD00E1A5AF}.Release|Any CPU.Build.0 = Release|Any CPU
	EndGlobalSection
	GlobalSection(SolutionProperties) = preSolution
		HideSolutionNode = FALSE
	EndGlobalSection
	GlobalSection(ExtensibilityGlobals) = postSolution
		SolutionGuid = {E744FFEC-D0F6-424C-9BCD-E8A19CBF64AB}
	EndGlobalSection
EndGlobal
